
Microsoft Visual Studio Solution File, Format Version 12.00
# Visual Studio Version 17
VisualStudioVersion = 17.14.36603.0
MinimumVisualStudioVersion = 10.0.40219.1
Project("{2150E333-8FDC-42A3-9474-1A3956D46DE8}") = "src", "src", "{827E0CD3-B72D-47B6-A68D-7590B98EB39B}"
EndProject
Project("{FAE04EC0-301F-11D3-BF4B-00C04F79EFBC}") = "SpecEdu.Domain", "src\SpecEdu.Domain\SpecEdu.Domain.csproj", "{C6906CC8-128B-400C-A9BE-39ABEB2E7DBC}"
EndProject
Project("{FAE04EC0-301F-11D3-BF4B-00C04F79EFBC}") = "SpecEdu.Application", "src\SpecEdu.Application\SpecEdu.Application.csproj", "{5F328069-1A4F-4E02-AF84-2812C8AE4341}"
EndProject
Project("{FAE04EC0-301F-11D3-BF4B-00C04F79EFBC}") = "SpecEdu.Infrastructure", "src\SpecEdu.Infrastructure\SpecEdu.Infrastructure.csproj", "{20D8B518-4B9C-45C9-BC91-6B0981116760}"
EndProject
Project("{2150E333-8FDC-42A3-9474-1A3956D46DE8}") = "tests", "tests", "{0AB3BF05-4346-4AA6-1389-037BE0695223}"
EndProject
Project("{FAE04EC0-301F-11D3-BF4B-00C04F79EFBC}") = "SpecEdu.Domain.Tests", "tests\SpecEdu.Domain.Tests\SpecEdu.Domain.Tests.csproj", "{83093721-0C9C-4878-A05B-6B97AA08E7A9}"
EndProject
Project("{FAE04EC0-301F-11D3-BF4B-00C04F79EFBC}") = "SpecEdu.Application.Tests", "tests\SpecEdu.Application.Tests\SpecEdu.Application.Tests.csproj", "{E86BA9DF-4438-4709-89B6-4269C9414061}"
EndProject
Project("{FAE04EC0-301F-11D3-BF4B-00C04F79EFBC}") = "SpecEdu.Infrastructure.Tests", "tests\SpecEdu.Infrastructure.Tests\SpecEdu.Infrastructure.Tests.csproj", "{C813601C-EBA6-4EDC-AF55-6E151B0E0571}"
EndProject
Project("{FAE04EC0-301F-11D3-BF4B-00C04F79EFBC}") = "SpecEdu.Web.Public", "src\SpecEdu.Web.Public\SpecEdu.Web.Public.csproj", "{EA891BAE-4AC4-4EC6-88E3-0328234E4391}"
EndProject
Project("{FAE04EC0-301F-11D3-BF4B-00C04F79EFBC}") = "SpecEdu.Web.App", "src\SpecEdu.Web.App\SpecEdu.Web.App.csproj", "{54E26B04-A4FB-4C89-ACDF-91E704E2F4B2}"
EndProject
Project("{FAE04EC0-301F-11D3-BF4B-00C04F79EFBC}") = "SpecEdu.Web.Public.Tests", "tests\SpecEdu.Web.Public.Tests\SpecEdu.Web.Public.Tests.csproj", "{248A77AC-28EE-4AA1-BBE4-77AB4D785831}"
EndProject
Project("{FAE04EC0-301F-11D3-BF4B-00C04F79EFBC}") = "SpecEdu.Web.App.Tests", "tests\SpecEdu.Web.App.Tests\SpecEdu.Web.App.Tests.csproj", "{152D9C9E-D6F3-47D5-B1F3-3467482A8689}"
EndProject
Global
	GlobalSection(SolutionConfigurationPlatforms) = preSolution
		Debug|Any CPU = Debug|Any CPU
		Debug|x64 = Debug|x64
		Debug|x86 = Debug|x86
		Release|Any CPU = Release|Any CPU
		Release|x64 = Release|x64
		Release|x86 = Release|x86
	EndGlobalSection
	GlobalSection(ProjectConfigurationPlatforms) = postSolution
		{C6906CC8-128B-400C-A9BE-39ABEB2E7DBC}.Debug|Any CPU.ActiveCfg = Debug|Any CPU
		{C6906CC8-128B-400C-A9BE-39ABEB2E7DBC}.Debug|Any CPU.Build.0 = Debug|Any CPU
		{C6906CC8-128B-400C-A9BE-39ABEB2E7DBC}.Debug|x64.ActiveCfg = Debug|Any CPU
		{C6906CC8-128B-400C-A9BE-39ABEB2E7DBC}.Debug|x64.Build.0 = Debug|Any CPU
		{C6906CC8-128B-400C-A9BE-39ABEB2E7DBC}.Debug|x86.ActiveCfg = Debug|Any CPU
		{C6906CC8-128B-400C-A9BE-39ABEB2E7DBC}.Debug|x86.Build.0 = Debug|Any CPU
		{C6906CC8-128B-400C-A9BE-39ABEB2E7DBC}.Release|Any CPU.ActiveCfg = Release|Any CPU
		{C6906CC8-128B-400C-A9BE-39ABEB2E7DBC}.Release|Any CPU.Build.0 = Release|Any CPU
		{C6906CC8-128B-400C-A9BE-39ABEB2E7DBC}.Release|x64.ActiveCfg = Release|Any CPU
		{C6906CC8-128B-400C-A9BE-39ABEB2E7DBC}.Release|x64.Build.0 = Release|Any CPU
		{C6906CC8-128B-400C-A9BE-39ABEB2E7DBC}.Release|x86.ActiveCfg = Release|Any CPU
		{C6906CC8-128B-400C-A9BE-39ABEB2E7DBC}.Release|x86.Build.0 = Release|Any CPU
		{5F328069-1A4F-4E02-AF84-2812C8AE4341}.Debug|Any CPU.ActiveCfg = Debug|Any CPU
		{5F328069-1A4F-4E02-AF84-2812C8AE4341}.Debug|Any CPU.Build.0 = Debug|Any CPU
		{5F328069-1A4F-4E02-AF84-2812C8AE4341}.Debug|x64.ActiveCfg = Debug|Any CPU
		{5F328069-1A4F-4E02-AF84-2812C8AE4341}.Debug|x64.Build.0 = Debug|Any CPU
		{5F328069-1A4F-4E02-AF84-2812C8AE4341}.Debug|x86.ActiveCfg = Debug|Any CPU
		{5F328069-1A4F-4E02-AF84-2812C8AE4341}.Debug|x86.Build.0 = Debug|Any CPU
		{5F328069-1A4F-4E02-AF84-2812C8AE4341}.Release|Any CPU.ActiveCfg = Release|Any CPU
		{5F328069-1A4F-4E02-AF84-2812C8AE4341}.Release|Any CPU.Build.0 = Release|Any CPU
		{5F328069-1A4F-4E02-AF84-2812C8AE4341}.Release|x64.ActiveCfg = Release|Any CPU
		{5F328069-1A4F-4E02-AF84-2812C8AE4341}.Release|x64.Build.0 = Release|Any CPU
		{5F328069-1A4F-4E02-AF84-2812C8AE4341}.Release|x86.ActiveCfg = Release|Any CPU
		{5F328069-1A4F-4E02-AF84-2812C8AE4341}.Release|x86.Build.0 = Release|Any CPU
		{20D8B518-4B9C-45C9-BC91-6B0981116760}.Debug|Any CPU.ActiveCfg = Debug|Any CPU
		{20D8B518-4B9C-45C9-BC91-6B0981116760}.Debug|Any CPU.Build.0 = Debug|Any CPU
		{20D8B518-4B9C-45C9-BC91-6B0981116760}.Debug|x64.ActiveCfg = Debug|Any CPU
		{20D8B518-4B9C-45C9-BC91-6B0981116760}.Debug|x64.Build.0 = Debug|Any CPU
		{20D8B518-4B9C-45C9-BC91-6B0981116760}.Debug|x86.ActiveCfg = Debug|Any CPU
		{20D8B518-4B9C-45C9-BC91-6B0981116760}.Debug|x86.Build.0 = Debug|Any CPU
		{20D8B518-4B9C-45C9-BC91-6B0981116760}.Release|Any CPU.ActiveCfg = Release|Any CPU
		{20D8B518-4B9C-45C9-BC91-6B0981116760}.Release|Any CPU.Build.0 = Release|Any CPU
		{20D8B518-4B9C-45C9-BC91-6B0981116760}.Release|x64.ActiveCfg = Release|Any CPU
		{20D8B518-4B9C-45C9-BC91-6B0981116760}.Release|x64.Build.0 = Release|Any CPU
		{20D8B518-4B9C-45C9-BC91-6B0981116760}.Release|x86.ActiveCfg = Release|Any CPU
		{20D8B518-4B9C-45C9-BC91-6B0981116760}.Release|x86.Build.0 = Release|Any CPU
		{83093721-0C9C-4878-A05B-6B97AA08E7A9}.Debug|Any CPU.ActiveCfg = Debug|Any CPU
		{83093721-0C9C-4878-A05B-6B97AA08E7A9}.Debug|Any CPU.Build.0 = Debug|Any CPU
		{83093721-0C9C-4878-A05B-6B97AA08E7A9}.Debug|x64.ActiveCfg = Debug|Any CPU
		{83093721-0C9C-4878-A05B-6B97AA08E7A9}.Debug|x64.Build.0 = Debug|Any CPU
		{83093721-0C9C-4878-A05B-6B97AA08E7A9}.Debug|x86.ActiveCfg = Debug|Any CPU
		{83093721-0C9C-4878-A05B-6B97AA08E7A9}.Debug|x86.Build.0 = Debug|Any CPU
		{83093721-0C9C-4878-A05B-6B97AA08E7A9}.Release|Any CPU.ActiveCfg = Release|Any CPU
		{83093721-0C9C-4878-A05B-6B97AA08E7A9}.Release|Any CPU.Build.0 = Release|Any CPU
		{83093721-0C9C-4878-A05B-6B97AA08E7A9}.Release|x64.ActiveCfg = Release|Any CPU
		{83093721-0C9C-4878-A05B-6B97AA08E7A9}.Release|x64.Build.0 = Release|Any CPU
		{83093721-0C9C-4878-A05B-6B97AA08E7A9}.Release|x86.ActiveCfg = Release|Any CPU
		{83093721-0C9C-4878-A05B-6B97AA08E7A9}.Release|x86.Build.0 = Release|Any CPU
		{E86BA9DF-4438-4709-89B6-4269C9414061}.Debug|Any CPU.ActiveCfg = Debug|Any CPU
		{E86BA9DF-4438-4709-89B6-4269C9414061}.Debug|Any CPU.Build.0 = Debug|Any CPU
		{E86BA9DF-4438-4709-89B6-4269C9414061}.Debug|x64.ActiveCfg = Debug|Any CPU
		{E86BA9DF-4438-4709-89B6-4269C9414061}.Debug|x64.Build.0 = Debug|Any CPU
		{E86BA9DF-4438-4709-89B6-4269C9414061}.Debug|x86.ActiveCfg = Debug|Any CPU
		{E86BA9DF-4438-4709-89B6-4269C9414061}.Debug|x86.Build.0 = Debug|Any CPU
		{E86BA9DF-4438-4709-89B6-4269C9414061}.Release|Any CPU.ActiveCfg = Release|Any CPU
		{E86BA9DF-4438-4709-89B6-4269C9414061}.Release|Any CPU.Build.0 = Release|Any CPU
		{E86BA9DF-4438-4709-89B6-4269C9414061}.Release|x64.ActiveCfg = Release|Any CPU
		{E86BA9DF-4438-4709-89B6-4269C9414061}.Release|x64.Build.0 = Release|Any CPU
		{E86BA9DF-4438-4709-89B6-4269C9414061}.Release|x86.ActiveCfg = Release|Any CPU
		{E86BA9DF-4438-4709-89B6-4269C9414061}.Release|x86.Build.0 = Release|Any CPU
		{C813601C-EBA6-4EDC-AF55-6E151B0E0571}.Debug|Any CPU.ActiveCfg = Debug|Any CPU
		{C813601C-EBA6-4EDC-AF55-6E151B0E0571}.Debug|Any CPU.Build.0 = Debug|Any CPU
		{C813601C-EBA6-4EDC-AF55-6E151B0E0571}.Debug|x64.ActiveCfg = Debug|Any CPU
		{C813601C-EBA6-4EDC-AF55-6E151B0E0571}.Debug|x64.Build.0 = Debug|Any CPU
		{C813601C-EBA6-4EDC-AF55-6E151B0E0571}.Debug|x86.ActiveCfg = Debug|Any CPU
		{C813601C-EBA6-4EDC-AF55-6E151B0E0571}.Debug|x86.Build.0 = Debug|Any CPU
		{C813601C-EBA6-4EDC-AF55-6E151B0E0571}.Release|Any CPU.ActiveCfg = Release|Any CPU
		{C813601C-EBA6-4EDC-AF55-6E151B0E0571}.Release|Any CPU.Build.0 = Release|Any CPU
		{C813601C-EBA6-4EDC-AF55-6E151B0E0571}.Release|x64.ActiveCfg = Release|Any CPU
		{C813601C-EBA6-4EDC-AF55-6E151B0E0571}.Release|x64.Build.0 = Release|Any CPU
		{C813601C-EBA6-4EDC-AF55-6E151B0E0571}.Release|x86.ActiveCfg = Release|Any CPU
		{C813601C-EBA6-4EDC-AF55-6E151B0E0571}.Release|x86.Build.0 = Release|Any CPU
		{EA891BAE-4AC4-4EC6-88E3-0328234E4391}.Debug|Any CPU.ActiveCfg = Debug|Any CPU
		{EA891BAE-4AC4-4EC6-88E3-0328234E4391}.Debug|Any CPU.Build.0 = Debug|Any CPU
		{EA891BAE-4AC4-4EC6-88E3-0328234E4391}.Debug|x64.ActiveCfg = Debug|Any CPU
		{EA891BAE-4AC4-4EC6-88E3-0328234E4391}.Debug|x64.Build.0 = Debug|Any CPU
		{EA891BAE-4AC4-4EC6-88E3-0328234E4391}.Debug|x86.ActiveCfg = Debug|Any CPU
		{EA891BAE-4AC4-4EC6-88E3-0328234E4391}.Debug|x86.Build.0 = Debug|Any CPU
		{EA891BAE-4AC4-4EC6-88E3-0328234E4391}.Release|Any CPU.ActiveCfg = Release|Any CPU
		{EA891BAE-4AC4-4EC6-88E3-0328234E4391}.Release|Any CPU.Build.0 = Release|Any CPU
		{EA891BAE-4AC4-4EC6-88E3-0328234E4391}.Release|x64.ActiveCfg = Release|Any CPU
		{EA891BAE-4AC4-4EC6-88E3-0328234E4391}.Release|x64.Build.0 = Release|Any CPU
		{EA891BAE-4AC4-4EC6-88E3-0328234E4391}.Release|x86.ActiveCfg = Release|Any CPU
		{EA891BAE-4AC4-4EC6-88E3-0328234E4391}.Release|x86.Build.0 = Release|Any CPU
		{54E26B04-A4FB-4C89-ACDF-91E704E2F4B2}.Debug|Any CPU.ActiveCfg = Debug|Any CPU
		{54E26B04-A4FB-4C89-ACDF-91E704E2F4B2}.Debug|Any CPU.Build.0 = Debug|Any CPU
		{54E26B04-A4FB-4C89-ACDF-91E704E2F4B2}.Debug|x64.ActiveCfg = Debug|Any CPU
		{54E26B04-A4FB-4C89-ACDF-91E704E2F4B2}.Debug|x64.Build.0 = Debug|Any CPU
		{54E26B04-A4FB-4C89-ACDF-91E704E2F4B2}.Debug|x86.ActiveCfg = Debug|Any CPU
		{54E26B04-A4FB-4C89-ACDF-91E704E2F4B2}.Debug|x86.Build.0 = Debug|Any CPU
		{54E26B04-A4FB-4C89-ACDF-91E704E2F4B2}.Release|Any CPU.ActiveCfg = Release|Any CPU
		{54E26B04-A4FB-4C89-ACDF-91E704E2F4B2}.Release|Any CPU.Build.0 = Release|Any CPU
		{54E26B04-A4FB-4C89-ACDF-91E704E2F4B2}.Release|x64.ActiveCfg = Release|Any CPU
		{54E26B04-A4FB-4C89-ACDF-91E704E2F4B2}.Release|x64.Build.0 = Release|Any CPU
		{54E26B04-A4FB-4C89-ACDF-91E704E2F4B2}.Release|x86.ActiveCfg = Release|Any CPU
		{54E26B04-A4FB-4C89-ACDF-91E704E2F4B2}.Release|x86.Build.0 = Release|Any CPU
		{248A77AC-28EE-4AA1-BBE4-77AB4D785831}.Debug|Any CPU.ActiveCfg = Debug|Any CPU
		{248A77AC-28EE-4AA1-BBE4-77AB4D785831}.Debug|Any CPU.Build.0 = Debug|Any CPU
		{248A77AC-28EE-4AA1-BBE4-77AB4D785831}.Debug|x64.ActiveCfg = Debug|Any CPU
		{248A77AC-28EE-4AA1-BBE4-77AB4D785831}.Debug|x64.Build.0 = Debug|Any CPU
		{248A77AC-28EE-4AA1-BBE4-77AB4D785831}.Debug|x86.ActiveCfg = Debug|Any CPU
		{248A77AC-28EE-4AA1-BBE4-77AB4D785831}.Debug|x86.Build.0 = Debug|Any CPU
		{248A77AC-28EE-4AA1-BBE4-77AB4D785831}.Release|Any CPU.ActiveCfg = Release|Any CPU
		{248A77AC-28EE-4AA1-BBE4-77AB4D785831}.Release|Any CPU.Build.0 = Release|Any CPU
		{248A77AC-28EE-4AA1-BBE4-77AB4D785831}.Release|x64.ActiveCfg = Release|Any CPU
		{248A77AC-28EE-4AA1-BBE4-77AB4D785831}.Release|x64.Build.0 = Release|Any CPU
		{248A77AC-28EE-4AA1-BBE4-77AB4D785831}.Release|x86.ActiveCfg = Release|Any CPU
		{248A77AC-28EE-4AA1-BBE4-77AB4D785831}.Release|x86.Build.0 = Release|Any CPU
		{152D9C9E-D6F3-47D5-B1F3-3467482A8689}.Debug|Any CPU.ActiveCfg = Debug|Any CPU
		{152D9C9E-D6F3-47D5-B1F3-3467482A8689}.Debug|Any CPU.Build.0 = Debug|Any CPU
		{152D9C9E-D6F3-47D5-B1F3-3467482A8689}.Debug|x64.ActiveCfg = Debug|Any CPU
		{152D9C9E-D6F3-47D5-B1F3-3467482A8689}.Debug|x64.Build.0 = Debug|Any CPU
		{152D9C9E-D6F3-47D5-B1F3-3467482A8689}.Debug|x86.ActiveCfg = Debug|Any CPU
		{152D9C9E-D6F3-47D5-B1F3-3467482A8689}.Debug|x86.Build.0 = Debug|Any CPU
		{152D9C9E-D6F3-47D5-B1F3-3467482A8689}.Release|Any CPU.ActiveCfg = Release|Any CPU
		{152D9C9E-D6F3-47D5-B1F3-3467482A8689}.Release|Any CPU.Build.0 = Release|Any CPU
		{152D9C9E-D6F3-47D5-B1F3-3467482A8689}.Release|x64.ActiveCfg = Release|Any CPU
		{152D9C9E-D6F3-47D5-B1F3-3467482A8689}.Release|x64.Build.0 = Release|Any CPU
		{152D9C9E-D6F3-47D5-B1F3-3467482A8689}.Release|x86.ActiveCfg = Release|Any CPU
		{152D9C9E-D6F3-47D5-B1F3-3467482A8689}.Release|x86.Build.0 = Release|Any CPU
	EndGlobalSection
	GlobalSection(SolutionProperties) = preSolution
		HideSolutionNode = FALSE
	EndGlobalSection
	GlobalSection(NestedProjects) = preSolution
		{C6906CC8-128B-400C-A9BE-39ABEB2E7DBC} = {827E0CD3-B72D-47B6-A68D-7590B98EB39B}
		{5F328069-1A4F-4E02-AF84-2812C8AE4341} = {827E0CD3-B72D-47B6-A68D-7590B98EB39B}
		{20D8B518-4B9C-45C9-BC91-6B0981116760} = {827E0CD3-B72D-47B6-A68D-7590B98EB39B}
		{83093721-0C9C-4878-A05B-6B97AA08E7A9} = {0AB3BF05-4346-4AA6-1389-037BE0695223}
		{E86BA9DF-4438-4709-89B6-4269C9414061} = {0AB3BF05-4346-4AA6-1389-037BE0695223}
		{C813601C-EBA6-4EDC-AF55-6E151B0E0571} = {0AB3BF05-4346-4AA6-1389-037BE0695223}
		{EA891BAE-4AC4-4EC6-88E3-0328234E4391} = {827E0CD3-B72D-47B6-A68D-7590B98EB39B}
		{54E26B04-A4FB-4C89-ACDF-91E704E2F4B2} = {827E0CD3-B72D-47B6-A68D-7590B98EB39B}
		{248A77AC-28EE-4AA1-BBE4-77AB4D785831} = {0AB3BF05-4346-4AA6-1389-037BE0695223}
		{152D9C9E-D6F3-47D5-B1F3-3467482A8689} = {0AB3BF05-4346-4AA6-1389-037BE0695223}
	EndGlobalSection
	GlobalSection(ExtensibilityGlobals) = postSolution
		SolutionGuid = {7DF927CF-CF2E-4A40-990C-63D99DA759AD}
	EndGlobalSection
EndGlobal
